
Microsoft Visual Studio Solution File, Format Version 12.00
# Visual Studio 15
VisualStudioVersion = 15.0.33403.129
MinimumVisualStudioVersion = 10.0.40219.1
Project("{FAE04EC0-301F-11D3-BF4B-00C04F79EFBC}") = "Web", "Web\Web.csproj", "{6A16ED3A-76BD-4BF2-A782-EACBDA1836AF}"
EndProject
Global
	GlobalSection(SolutionConfigurationPlatforms) = preSolution
		Debug|Any CPU = Debug|Any CPU
		Release|Any CPU = Release|Any CPU
	EndGlobalSection
	GlobalSection(ProjectConfigurationPlatforms) = postSolution
		{6A16ED3A-76BD-4BF2-A782-EACBDA1836AF}.Debug|Any CPU.ActiveCfg = Debug|Any CPU
		{6A16ED3A-76BD-4BF2-A782-EACBDA1836AF}.Debug|Any CPU.Build.0 = Debug|Any CPU
		{6A16ED3A-76BD-4BF2-A782-EACBDA1836AF}.Release|Any CPU.ActiveCfg = Release|Any CPU
		{6A16ED3A-76BD-4BF2-A782-EACBDA1836AF}.Release|Any CPU.Build.0 = Release|Any CPU
	EndGlobalSection
	GlobalSection(SolutionProperties) = preSolution
		HideSolutionNode = FALSE
	EndGlobalSection
	GlobalSection(ExtensibilityGlobals) = postSolution
		SolutionGuid = {31140990-A521-4645-8444-55C803170556}
	EndGlobalSection
EndGlobal
